
Microsoft Visual Studio Solution File, Format Version 12.00
# Visual Studio Version 17
VisualStudioVersion = 17.11.35222.181
MinimumVisualStudioVersion = 10.0.40219.1
Project("{FAE04EC0-301F-11D3-BF4B-00C04F79EFBC}") = "InternTask", "InternTask\InternTask.csproj", "{C2D7916B-D80C-473A-8B4F-82349193957F}"
EndProject
Project("{FAE04EC0-301F-11D3-BF4B-00C04F79EFBC}") = "InternTask.Lib", "InternTask.Lib\InternTask.Lib.csproj", "{8773FFE6-CC8F-4F8D-A8B1-0F0FD79467F5}"
EndProject
Project("{FAE04EC0-301F-11D3-BF4B-00C04F79EFBC}") = "InternTask.Test", "InternTask.Test\InternTask.Test.csproj", "{8FE8CE38-624E-449E-AC8A-981233CF332E}"
EndProject
Project("{2150E333-8FDC-42A3-9474-1A3956D46DE8}") = "Solution Items", "Solution Items", "{C5D4981E-45BD-401D-8888-A6CA09A3272A}"
	ProjectSection(SolutionItems) = preProject
		kuber.yaml = kuber.yaml
	EndProjectSection
EndProject
Global
	GlobalSection(SolutionConfigurationPlatforms) = preSolution
		Debug|Any CPU = Debug|Any CPU
		Release|Any CPU = Release|Any CPU
	EndGlobalSection
	GlobalSection(ProjectConfigurationPlatforms) = postSolution
		{C2D7916B-D80C-473A-8B4F-82349193957F}.Debug|Any CPU.ActiveCfg = Debug|Any CPU
		{C2D7916B-D80C-473A-8B4F-82349193957F}.Debug|Any CPU.Build.0 = Debug|Any CPU
		{C2D7916B-D80C-473A-8B4F-82349193957F}.Release|Any CPU.ActiveCfg = Release|Any CPU
		{C2D7916B-D80C-473A-8B4F-82349193957F}.Release|Any CPU.Build.0 = Release|Any CPU
		{8773FFE6-CC8F-4F8D-A8B1-0F0FD79467F5}.Debug|Any CPU.ActiveCfg = Debug|Any CPU
		{8773FFE6-CC8F-4F8D-A8B1-0F0FD79467F5}.Debug|Any CPU.Build.0 = Debug|Any CPU
		{8773FFE6-CC8F-4F8D-A8B1-0F0FD79467F5}.Release|Any CPU.ActiveCfg = Release|Any CPU
		{8773FFE6-CC8F-4F8D-A8B1-0F0FD79467F5}.Release|Any CPU.Build.0 = Release|Any CPU
		{8FE8CE38-624E-449E-AC8A-981233CF332E}.Debug|Any CPU.ActiveCfg = Debug|Any CPU
		{8FE8CE38-624E-449E-AC8A-981233CF332E}.Debug|Any CPU.Build.0 = Debug|Any CPU
		{8FE8CE38-624E-449E-AC8A-981233CF332E}.Release|Any CPU.ActiveCfg = Release|Any CPU
		{8FE8CE38-624E-449E-AC8A-981233CF332E}.Release|Any CPU.Build.0 = Release|Any CPU
	EndGlobalSection
	GlobalSection(SolutionProperties) = preSolution
		HideSolutionNode = FALSE
	EndGlobalSection
	GlobalSection(ExtensibilityGlobals) = postSolution
		SolutionGuid = {01EC387A-ACA2-4B81-9F61-01D056D199D2}
	EndGlobalSection
EndGlobal
